
Microsoft Visual Studio Solution File, Format Version 12.00
# Visual Studio 15
VisualStudioVersion = 15.0.28307.271
MinimumVisualStudioVersion = 10.0.40219.1
Project("{FAE04EC0-301F-11D3-BF4B-00C04F79EFBC}") = "App_Testing.Android", "App_Testing\App_Testing.Android\App_Testing.Android.csproj", "{ED1C824E-D69B-4D25-B3F8-D4F9A629A190}"
EndProject
Project("{FAE04EC0-301F-11D3-BF4B-00C04F79EFBC}") = "App_Testing.iOS", "App_Testing\App_Testing.iOS\App_Testing.iOS.csproj", "{2912A3E7-4FEA-4F3E-8402-EC46AAFA6088}"
EndProject
Project("{FAE04EC0-301F-11D3-BF4B-00C04F79EFBC}") = "App_Testing", "App_Testing\App_Testing\App_Testing.csproj", "{D9B6FA07-4BD1-4C3B-A32E-254E379B1848}"
EndProject
Global
	GlobalSection(SolutionConfigurationPlatforms) = preSolution
		Ad-Hoc|Any CPU = Ad-Hoc|Any CPU
		Ad-Hoc|iPhone = Ad-Hoc|iPhone
		Ad-Hoc|iPhoneSimulator = Ad-Hoc|iPhoneSimulator
		AppStore|Any CPU = AppStore|Any CPU
		AppStore|iPhone = AppStore|iPhone
		AppStore|iPhoneSimulator = AppStore|iPhoneSimulator
		Debug|Any CPU = Debug|Any CPU
		Debug|iPhone = Debug|iPhone
		Debug|iPhoneSimulator = Debug|iPhoneSimulator
		Release|Any CPU = Release|Any CPU
		Release|iPhone = Release|iPhone
		Release|iPhoneSimulator = Release|iPhoneSimulator
	EndGlobalSection
	GlobalSection(ProjectConfigurationPlatforms) = postSolution
		{ED1C824E-D69B-4D25-B3F8-D4F9A629A190}.Ad-Hoc|Any CPU.ActiveCfg = Release|Any CPU
		{ED1C824E-D69B-4D25-B3F8-D4F9A629A190}.Ad-Hoc|Any CPU.Build.0 = Release|Any CPU
		{ED1C824E-D69B-4D25-B3F8-D4F9A629A190}.Ad-Hoc|Any CPU.Deploy.0 = Release|Any CPU
		{ED1C824E-D69B-4D25-B3F8-D4F9A629A190}.Ad-Hoc|iPhone.ActiveCfg = Release|Any CPU
		{ED1C824E-D69B-4D25-B3F8-D4F9A629A190}.Ad-Hoc|iPhone.Build.0 = Release|Any CPU
		{ED1C824E-D69B-4D25-B3F8-D4F9A629A190}.Ad-Hoc|iPhone.Deploy.0 = Release|Any CPU
		{ED1C824E-D69B-4D25-B3F8-D4F9A629A190}.Ad-Hoc|iPhoneSimulator.ActiveCfg = Release|Any CPU
		{ED1C824E-D69B-4D25-B3F8-D4F9A629A190}.Ad-Hoc|iPhoneSimulator.Build.0 = Release|Any CPU
		{ED1C824E-D69B-4D25-B3F8-D4F9A629A190}.Ad-Hoc|iPhoneSimulator.Deploy.0 = Release|Any CPU
		{ED1C824E-D69B-4D25-B3F8-D4F9A629A190}.AppStore|Any CPU.ActiveCfg = Release|Any CPU
		{ED1C824E-D69B-4D25-B3F8-D4F9A629A190}.AppStore|Any CPU.Build.0 = Release|Any CPU
		{ED1C824E-D69B-4D25-B3F8-D4F9A629A190}.AppStore|Any CPU.Deploy.0 = Release|Any CPU
		{ED1C824E-D69B-4D25-B3F8-D4F9A629A190}.AppStore|iPhone.ActiveCfg = Release|Any CPU
		{ED1C824E-D69B-4D25-B3F8-D4F9A629A190}.AppStore|iPhone.Build.0 = Release|Any CPU
		{ED1C824E-D69B-4D25-B3F8-D4F9A629A190}.AppStore|iPhone.Deploy.0 = Release|Any CPU
		{ED1C824E-D69B-4D25-B3F8-D4F9A629A190}.AppStore|iPhoneSimulator.ActiveCfg = Release|Any CPU
		{ED1C824E-D69B-4D25-B3F8-D4F9A629A190}.AppStore|iPhoneSimulator.Build.0 = Release|Any CPU
		{ED1C824E-D69B-4D25-B3F8-D4F9A629A190}.AppStore|iPhoneSimulator.Deploy.0 = Release|Any CPU
		{ED1C824E-D69B-4D25-B3F8-D4F9A629A190}.Debug|Any CPU.ActiveCfg = Debug|Any CPU
		{ED1C824E-D69B-4D25-B3F8-D4F9A629A190}.Debug|Any CPU.Build.0 = Debug|Any CPU
		{ED1C824E-D69B-4D25-B3F8-D4F9A629A190}.Debug|Any CPU.Deploy.0 = Debug|Any CPU
		{ED1C824E-D69B-4D25-B3F8-D4F9A629A190}.Debug|iPhone.ActiveCfg = Debug|Any CPU
		{ED1C824E-D69B-4D25-B3F8-D4F9A629A190}.Debug|iPhone.Build.0 = Debug|Any CPU
		{ED1C824E-D69B-4D25-B3F8-D4F9A629A190}.Debug|iPhone.Deploy.0 = Debug|Any CPU
		{ED1C824E-D69B-4D25-B3F8-D4F9A629A190}.Debug|iPhoneSimulator.ActiveCfg = Debug|Any CPU
		{ED1C824E-D69B-4D25-B3F8-D4F9A629A190}.Debug|iPhoneSimulator.Build.0 = Debug|Any CPU
		{ED1C824E-D69B-4D25-B3F8-D4F9A629A190}.Debug|iPhoneSimulator.Deploy.0 = Debug|Any CPU
		{ED1C824E-D69B-4D25-B3F8-D4F9A629A190}.Release|Any CPU.ActiveCfg = Release|Any CPU
		{ED1C824E-D69B-4D25-B3F8-D4F9A629A190}.Release|Any CPU.Build.0 = Release|Any CPU
		{ED1C824E-D69B-4D25-B3F8-D4F9A629A190}.Release|Any CPU.Deploy.0 = Release|Any CPU
		{ED1C824E-D69B-4D25-B3F8-D4F9A629A190}.Release|iPhone.ActiveCfg = Release|Any CPU
		{ED1C824E-D69B-4D25-B3F8-D4F9A629A190}.Release|iPhone.Build.0 = Release|Any CPU
		{ED1C824E-D69B-4D25-B3F8-D4F9A629A190}.Release|iPhone.Deploy.0 = Release|Any CPU
		{ED1C824E-D69B-4D25-B3F8-D4F9A629A190}.Release|iPhoneSimulator.ActiveCfg = Release|Any CPU
		{ED1C824E-D69B-4D25-B3F8-D4F9A629A190}.Release|iPhoneSimulator.Build.0 = Release|Any CPU
		{ED1C824E-D69B-4D25-B3F8-D4F9A629A190}.Release|iPhoneSimulator.Deploy.0 = Release|Any CPU
		{2912A3E7-4FEA-4F3E-8402-EC46AAFA6088}.Ad-Hoc|Any CPU.ActiveCfg = Ad-Hoc|iPhone
		{2912A3E7-4FEA-4F3E-8402-EC46AAFA6088}.Ad-Hoc|Any CPU.Build.0 = Ad-Hoc|iPhone
		{2912A3E7-4FEA-4F3E-8402-EC46AAFA6088}.Ad-Hoc|Any CPU.Deploy.0 = Ad-Hoc|iPhone
		{2912A3E7-4FEA-4F3E-8402-EC46AAFA6088}.Ad-Hoc|iPhone.ActiveCfg = Ad-Hoc|iPhone
		{2912A3E7-4FEA-4F3E-8402-EC46AAFA6088}.Ad-Hoc|iPhone.Build.0 = Ad-Hoc|iPhone
		{2912A3E7-4FEA-4F3E-8402-EC46AAFA6088}.Ad-Hoc|iPhone.Deploy.0 = Ad-Hoc|iPhone
		{2912A3E7-4FEA-4F3E-8402-EC46AAFA6088}.Ad-Hoc|iPhoneSimulator.ActiveCfg = Ad-Hoc|iPhoneSimulator
		{2912A3E7-4FEA-4F3E-8402-EC46AAFA6088}.Ad-Hoc|iPhoneSimulator.Build.0 = Ad-Hoc|iPhoneSimulator
		{2912A3E7-4FEA-4F3E-8402-EC46AAFA6088}.Ad-Hoc|iPhoneSimulator.Deploy.0 = Ad-Hoc|iPhoneSimulator
		{2912A3E7-4FEA-4F3E-8402-EC46AAFA6088}.AppStore|Any CPU.ActiveCfg = AppStore|iPhone
		{2912A3E7-4FEA-4F3E-8402-EC46AAFA6088}.AppStore|Any CPU.Build.0 = AppStore|iPhone
		{2912A3E7-4FEA-4F3E-8402-EC46AAFA6088}.AppStore|Any CPU.Deploy.0 = AppStore|iPhone
		{2912A3E7-4FEA-4F3E-8402-EC46AAFA6088}.AppStore|iPhone.ActiveCfg = AppStore|iPhone
		{2912A3E7-4FEA-4F3E-8402-EC46AAFA6088}.AppStore|iPhone.Build.0 = AppStore|iPhone
		{2912A3E7-4FEA-4F3E-8402-EC46AAFA6088}.AppStore|iPhone.Deploy.0 = AppStore|iPhone
		{2912A3E7-4FEA-4F3E-8402-EC46AAFA6088}.AppStore|iPhoneSimulator.ActiveCfg = AppStore|iPhoneSimulator
		{2912A3E7-4FEA-4F3E-8402-EC46AAFA6088}.AppStore|iPhoneSimulator.Build.0 = AppStore|iPhoneSimulator
		{2912A3E7-4FEA-4F3E-8402-EC46AAFA6088}.AppStore|iPhoneSimulator.Deploy.0 = AppStore|iPhoneSimulator
		{2912A3E7-4FEA-4F3E-8402-EC46AAFA6088}.Debug|Any CPU.ActiveCfg = Debug|iPhoneSimulator
		{2912A3E7-4FEA-4F3E-8402-EC46AAFA6088}.Debug|Any CPU.Build.0 = Debug|iPhoneSimulator
		{2912A3E7-4FEA-4F3E-8402-EC46AAFA6088}.Debug|Any CPU.Deploy.0 = Debug|iPhoneSimulator
		{2912A3E7-4FEA-4F3E-8402-EC46AAFA6088}.Debug|iPhone.ActiveCfg = Debug|iPhone
		{2912A3E7-4FEA-4F3E-8402-EC46AAFA6088}.Debug|iPhone.Build.0 = Debug|iPhone
		{2912A3E7-4FEA-4F3E-8402-EC46AAFA6088}.Debug|iPhone.Deploy.0 = Debug|iPhone
		{2912A3E7-4FEA-4F3E-8402-EC46AAFA6088}.Debug|iPhoneSimulator.ActiveCfg = Debug|iPhoneSimulator
		{2912A3E7-4FEA-4F3E-8402-EC46AAFA6088}.Debug|iPhoneSimulator.Build.0 = Debug|iPhoneSimulator
		{2912A3E7-4FEA-4F3E-8402-EC46AAFA6088}.Debug|iPhoneSimulator.Deploy.0 = Debug|iPhoneSimulator
		{2912A3E7-4FEA-4F3E-8402-EC46AAFA6088}.Release|Any CPU.ActiveCfg = Release|iPhone
		{2912A3E7-4FEA-4F3E-8402-EC46AAFA6088}.Release|Any CPU.Build.0 = Release|iPhone
		{2912A3E7-4FEA-4F3E-8402-EC46AAFA6088}.Release|Any CPU.Deploy.0 = Release|iPhone
		{2912A3E7-4FEA-4F3E-8402-EC46AAFA6088}.Release|iPhone.ActiveCfg = Release|iPhone
		{2912A3E7-4FEA-4F3E-8402-EC46AAFA6088}.Release|iPhone.Build.0 = Release|iPhone
		{2912A3E7-4FEA-4F3E-8402-EC46AAFA6088}.Release|iPhone.Deploy.0 = Release|iPhone
		{2912A3E7-4FEA-4F3E-8402-EC46AAFA6088}.Release|iPhoneSimulator.ActiveCfg = Release|iPhoneSimulator
		{2912A3E7-4FEA-4F3E-8402-EC46AAFA6088}.Release|iPhoneSimulator.Build.0 = Release|iPhoneSimulator
		{2912A3E7-4FEA-4F3E-8402-EC46AAFA6088}.Release|iPhoneSimulator.Deploy.0 = Release|iPhoneSimulator
		{D9B6FA07-4BD1-4C3B-A32E-254E379B1848}.Ad-Hoc|Any CPU.ActiveCfg = Debug|Any CPU
		{D9B6FA07-4BD1-4C3B-A32E-254E379B1848}.Ad-Hoc|Any CPU.Build.0 = Debug|Any CPU
		{D9B6FA07-4BD1-4C3B-A32E-254E379B1848}.Ad-Hoc|Any CPU.Deploy.0 = Debug|Any CPU
		{D9B6FA07-4BD1-4C3B-A32E-254E379B1848}.Ad-Hoc|iPhone.ActiveCfg = Debug|Any CPU
		{D9B6FA07-4BD1-4C3B-A32E-254E379B1848}.Ad-Hoc|iPhone.Build.0 = Debug|Any CPU
		{D9B6FA07-4BD1-4C3B-A32E-254E379B1848}.Ad-Hoc|iPhone.Deploy.0 = Debug|Any CPU
		{D9B6FA07-4BD1-4C3B-A32E-254E379B1848}.Ad-Hoc|iPhoneSimulator.ActiveCfg = Debug|Any CPU
		{D9B6FA07-4BD1-4C3B-A32E-254E379B1848}.Ad-Hoc|iPhoneSimulator.Build.0 = Debug|Any CPU
		{D9B6FA07-4BD1-4C3B-A32E-254E379B1848}.Ad-Hoc|iPhoneSimulator.Deploy.0 = Debug|Any CPU
		{D9B6FA07-4BD1-4C3B-A32E-254E379B1848}.AppStore|Any CPU.ActiveCfg = Debug|Any CPU
		{D9B6FA07-4BD1-4C3B-A32E-254E379B1848}.AppStore|Any CPU.Build.0 = Debug|Any CPU
		{D9B6FA07-4BD1-4C3B-A32E-254E379B1848}.AppStore|Any CPU.Deploy.0 = Debug|Any CPU
		{D9B6FA07-4BD1-4C3B-A32E-254E379B1848}.AppStore|iPhone.ActiveCfg = Debug|Any CPU
		{D9B6FA07-4BD1-4C3B-A32E-254E379B1848}.AppStore|iPhone.Build.0 = Debug|Any CPU
		{D9B6FA07-4BD1-4C3B-A32E-254E379B1848}.AppStore|iPhone.Deploy.0 = Debug|Any CPU
		{D9B6FA07-4BD1-4C3B-A32E-254E379B1848}.AppStore|iPhoneSimulator.ActiveCfg = Debug|Any CPU
		{D9B6FA07-4BD1-4C3B-A32E-254E379B1848}.AppStore|iPhoneSimulator.Build.0 = Debug|Any CPU
		{D9B6FA07-4BD1-4C3B-A32E-254E379B1848}.AppStore|iPhoneSimulator.Deploy.0 = Debug|Any CPU
		{D9B6FA07-4BD1-4C3B-A32E-254E379B1848}.Debug|Any CPU.ActiveCfg = Debug|Any CPU
		{D9B6FA07-4BD1-4C3B-A32E-254E379B1848}.Debug|Any CPU.Build.0 = Debug|Any CPU
		{D9B6FA07-4BD1-4C3B-A32E-254E379B1848}.Debug|Any CPU.Deploy.0 = Debug|Any CPU
		{D9B6FA07-4BD1-4C3B-A32E-254E379B1848}.Debug|iPhone.ActiveCfg = Debug|Any CPU
		{D9B6FA07-4BD1-4C3B-A32E-254E379B1848}.Debug|iPhone.Build.0 = Debug|Any CPU
		{D9B6FA07-4BD1-4C3B-A32E-254E379B1848}.Debug|iPhone.Deploy.0 = Debug|Any CPU
		{D9B6FA07-4BD1-4C3B-A32E-254E379B1848}.Debug|iPhoneSimulator.ActiveCfg = Debug|Any CPU
		{D9B6FA07-4BD1-4C3B-A32E-254E379B1848}.Debug|iPhoneSimulator.Build.0 = Debug|Any CPU
		{D9B6FA07-4BD1-4C3B-A32E-254E379B1848}.Debug|iPhoneSimulator.Deploy.0 = Debug|Any CPU
		{D9B6FA07-4BD1-4C3B-A32E-254E379B1848}.Release|Any CPU.ActiveCfg = Release|Any CPU
		{D9B6FA07-4BD1-4C3B-A32E-254E379B1848}.Release|Any CPU.Build.0 = Release|Any CPU
		{D9B6FA07-4BD1-4C3B-A32E-254E379B1848}.Release|Any CPU.Deploy.0 = Release|Any CPU
		{D9B6FA07-4BD1-4C3B-A32E-254E379B1848}.Release|iPhone.ActiveCfg = Release|Any CPU
		{D9B6FA07-4BD1-4C3B-A32E-254E379B1848}.Release|iPhone.Build.0 = Release|Any CPU
		{D9B6FA07-4BD1-4C3B-A32E-254E379B1848}.Release|iPhone.Deploy.0 = Release|Any CPU
		{D9B6FA07-4BD1-4C3B-A32E-254E379B1848}.Release|iPhoneSimulator.ActiveCfg = Release|Any CPU
		{D9B6FA07-4BD1-4C3B-A32E-254E379B1848}.Release|iPhoneSimulator.Build.0 = Release|Any CPU
		{D9B6FA07-4BD1-4C3B-A32E-254E379B1848}.Release|iPhoneSimulator.Deploy.0 = Release|Any CPU
	EndGlobalSection
	GlobalSection(SolutionProperties) = preSolution
		HideSolutionNode = FALSE
	EndGlobalSection
	GlobalSection(ExtensibilityGlobals) = postSolution
		SolutionGuid = {F6DB583C-F6E1-449D-AD7D-B8752DB85792}
	EndGlobalSection
EndGlobal
